
Microsoft Visual Studio Solution File, Format Version 12.00
# Visual Studio Version 17
VisualStudioVersion = 17.14.36414.22
MinimumVisualStudioVersion = 10.0.40219.1
Project("{2150E333-8FDC-42A3-9474-1A3956D46DE8}") = "Task0", "Task0", "{36D591C7-65C7-A0D1-1CBC-10CDE441BDC8}"
EndProject
Project("{2150E333-8FDC-42A3-9474-1A3956D46DE8}") = "Task1", "Task1", "{21AF86A9-4756-4823-9ADC-0102BCEF2CF2}"
EndProject
Project("{2150E333-8FDC-42A3-9474-1A3956D46DE8}") = "Task2", "Task2", "{BE4E8116-AD32-4C8C-8223-0CB519C1D800}"
EndProject
Project("{2150E333-8FDC-42A3-9474-1A3956D46DE8}") = "Task3", "Task3", "{5C5755C0-20C0-4675-B467-E51E4BFE81BB}"
EndProject
Project("{2150E333-8FDC-42A3-9474-1A3956D46DE8}") = "Task4", "Task4", "{D345332B-7F5A-47F4-9487-0CD28C7EC00F}"
EndProject
Project("{2150E333-8FDC-42A3-9474-1A3956D46DE8}") = "Task5", "Task5", "{CA3CA288-801E-4092-B744-5D99BEA3DC8F}"
EndProject
Project("{2150E333-8FDC-42A3-9474-1A3956D46DE8}") = "Task6", "Task6", "{A80132D2-CDA8-412B-838C-64F6EBCCC1AC}"
EndProject
Project("{2150E333-8FDC-42A3-9474-1A3956D46DE8}") = "Task7", "Task7", "{3767469E-B960-4A95-93F0-5ECF2E5E5C15}"
EndProject
Project("{FAE04EC0-301F-11D3-BF4B-00C04F79EFBC}") = "Tyuiu.PashkovGV.Sprint6.Task0.V6", "Tyuiu.PashkovGV.Sprint6.Task0.V6\Tyuiu.PashkovGV.Sprint6.Task0.V6.csproj", "{8A7A910A-31A4-4440-AF82-A6904EA29708}"
EndProject
Project("{FAE04EC0-301F-11D3-BF4B-00C04F79EFBC}") = "Tyuiu.PashkovGV.Sprint6.Task0.V6.Lib", "Tyuiu.PashkovGV.Sprint6.Task0.V6.Lib\Tyuiu.PashkovGV.Sprint6.Task0.V6.Lib.csproj", "{C1A4470A-09F0-44B7-8811-E7590EF05130}"
EndProject
Project("{FAE04EC0-301F-11D3-BF4B-00C04F79EFBC}") = "Tyuiu.PashkovGV.Sprint6.Task0.V6.Test", "Tyuiu.PashkovGV.Sprint6.Task0.V6.Test\Tyuiu.PashkovGV.Sprint6.Task0.V6.Test.csproj", "{7685A98C-84FA-4B0E-9918-CE685ED78F64}"
EndProject
Project("{FAE04EC0-301F-11D3-BF4B-00C04F79EFBC}") = "Tyuiu.PashkovGV.Sprint6.Task1.V21", "Tyuiu.PashkovGV.Sprint6.Task1.V21\Tyuiu.PashkovGV.Sprint6.Task1.V21.csproj", "{FEB5F221-EB84-495C-81FF-8BCDA21EA990}"
EndProject
Project("{FAE04EC0-301F-11D3-BF4B-00C04F79EFBC}") = "Tyuiu.PashkovGV.Sprint6.Task1.V21.Lib", "Tyuiu.PashkovGV.Sprint6.Task1.V21.Lib\Tyuiu.PashkovGV.Sprint6.Task1.V21.Lib.csproj", "{B3EFB5B2-8580-4078-85F3-8078EDF8D99F}"
EndProject
Project("{FAE04EC0-301F-11D3-BF4B-00C04F79EFBC}") = "Tyuiu.PashkovGV.Sprint6.Task1.V21.Test", "Tyuiu.PashkovGV.Sprint6.Task1.V21.Test\Tyuiu.PashkovGV.Sprint6.Task1.V21.Test.csproj", "{D99533C1-D756-4476-90E2-5C203F04BE1E}"
EndProject
Project("{FAE04EC0-301F-11D3-BF4B-00C04F79EFBC}") = "Tyuiu.PashkovGV.Sprint6.Task2.V1", "Tyuiu.PashkovGV.Sprint6.Task2.V1\Tyuiu.PashkovGV.Sprint6.Task2.V1.csproj", "{4C58684C-C4CC-4164-B301-F20D2EDFEB9D}"
EndProject
Project("{FAE04EC0-301F-11D3-BF4B-00C04F79EFBC}") = "Tyuiu.PashkovGV.Sprint6.Task2.V1.Lib", "Tyuiu.PashkovGV.Sprint6.Task2.V1.Lib\Tyuiu.PashkovGV.Sprint6.Task2.V1.Lib.csproj", "{DAA2107B-F561-4420-8F03-5D08AF3DF65A}"
EndProject
Project("{FAE04EC0-301F-11D3-BF4B-00C04F79EFBC}") = "Tyuiu.PashkovGV.Sprint6.Task2.V1.Test", "Tyuiu.PashkovGV.Sprint6.Task2.V1.Test\Tyuiu.PashkovGV.Sprint6.Task2.V1.Test.csproj", "{5EE184ED-5910-4AE7-97B6-B4D530F2084E}"
EndProject
Project("{FAE04EC0-301F-11D3-BF4B-00C04F79EFBC}") = "Tyuiu.PashkovGV.Sprint6.Task3.V26.Test", "Tyuiu.PashkovGV.Sprint6.Task3.V26.Test\Tyuiu.PashkovGV.Sprint6.Task3.V26.Test.csproj", "{EDD69CDE-7644-4B56-AB35-59A913006EE7}"
EndProject
Project("{FAE04EC0-301F-11D3-BF4B-00C04F79EFBC}") = "Tyuiu.PashkovGV.Sprint6.Task3.V26.Lib", "Tyuiu.PashkovGV.Sprint6.Task3.V26.Lib\Tyuiu.PashkovGV.Sprint6.Task3.V26.Lib.csproj", "{FB532BA1-743B-4CED-A941-85CE95BF02A8}"
EndProject
Project("{FAE04EC0-301F-11D3-BF4B-00C04F79EFBC}") = "Tyuiu.PashkovGV.Sprint6.Task3.V26", "Tyuiu.PashkovGV.Sprint6.Task3.V26\Tyuiu.PashkovGV.Sprint6.Task3.V26.csproj", "{FFCB1897-07CC-4F90-BF83-4BB4A20B76D4}"
EndProject
Project("{FAE04EC0-301F-11D3-BF4B-00C04F79EFBC}") = "Tyuiu.PashkovGV.Sprint6.Task4.V16.Test", "Tyuiu.PashkovGV.Sprint6.Task4.V16.Test\Tyuiu.PashkovGV.Sprint6.Task4.V16.Test.csproj", "{5ADC1F27-0504-4DE3-AA8E-2C0A6E72FC06}"
EndProject
Project("{FAE04EC0-301F-11D3-BF4B-00C04F79EFBC}") = "Tyuiu.PashkovGV.Sprint6.Task4.V16.Lib", "Tyuiu.PashkovGV.Sprint6.Task4.V16.Lib\Tyuiu.PashkovGV.Sprint6.Task4.V16.Lib.csproj", "{45CA1169-C610-48D6-B8D7-B8EA9E8BAADF}"
EndProject
Project("{FAE04EC0-301F-11D3-BF4B-00C04F79EFBC}") = "Tyuiu.PashkovGV.Sprint6.Task4.V16", "Tyuiu.PashkovGV.Sprint6.Task4.V16\Tyuiu.PashkovGV.Sprint6.Task4.V16.csproj", "{F1556591-947A-4C17-9DD7-869431695FE5}"
EndProject
Global
	GlobalSection(SolutionConfigurationPlatforms) = preSolution
		Debug|Any CPU = Debug|Any CPU
		Release|Any CPU = Release|Any CPU
	EndGlobalSection
	GlobalSection(ProjectConfigurationPlatforms) = postSolution
		{8A7A910A-31A4-4440-AF82-A6904EA29708}.Debug|Any CPU.ActiveCfg = Debug|Any CPU
		{8A7A910A-31A4-4440-AF82-A6904EA29708}.Debug|Any CPU.Build.0 = Debug|Any CPU
		{8A7A910A-31A4-4440-AF82-A6904EA29708}.Release|Any CPU.ActiveCfg = Release|Any CPU
		{8A7A910A-31A4-4440-AF82-A6904EA29708}.Release|Any CPU.Build.0 = Release|Any CPU
		{C1A4470A-09F0-44B7-8811-E7590EF05130}.Debug|Any CPU.ActiveCfg = Debug|Any CPU
		{C1A4470A-09F0-44B7-8811-E7590EF05130}.Debug|Any CPU.Build.0 = Debug|Any CPU
		{C1A4470A-09F0-44B7-8811-E7590EF05130}.Release|Any CPU.ActiveCfg = Release|Any CPU
		{C1A4470A-09F0-44B7-8811-E7590EF05130}.Release|Any CPU.Build.0 = Release|Any CPU
		{7685A98C-84FA-4B0E-9918-CE685ED78F64}.Debug|Any CPU.ActiveCfg = Debug|Any CPU
		{7685A98C-84FA-4B0E-9918-CE685ED78F64}.Debug|Any CPU.Build.0 = Debug|Any CPU
		{7685A98C-84FA-4B0E-9918-CE685ED78F64}.Release|Any CPU.ActiveCfg = Release|Any CPU
		{7685A98C-84FA-4B0E-9918-CE685ED78F64}.Release|Any CPU.Build.0 = Release|Any CPU
		{FEB5F221-EB84-495C-81FF-8BCDA21EA990}.Debug|Any CPU.ActiveCfg = Debug|Any CPU
		{FEB5F221-EB84-495C-81FF-8BCDA21EA990}.Debug|Any CPU.Build.0 = Debug|Any CPU
		{FEB5F221-EB84-495C-81FF-8BCDA21EA990}.Release|Any CPU.ActiveCfg = Release|Any CPU
		{FEB5F221-EB84-495C-81FF-8BCDA21EA990}.Release|Any CPU.Build.0 = Release|Any CPU
		{B3EFB5B2-8580-4078-85F3-8078EDF8D99F}.Debug|Any CPU.ActiveCfg = Debug|Any CPU
		{B3EFB5B2-8580-4078-85F3-8078EDF8D99F}.Debug|Any CPU.Build.0 = Debug|Any CPU
		{B3EFB5B2-8580-4078-85F3-8078EDF8D99F}.Release|Any CPU.ActiveCfg = Release|Any CPU
		{B3EFB5B2-8580-4078-85F3-8078EDF8D99F}.Release|Any CPU.Build.0 = Release|Any CPU
		{D99533C1-D756-4476-90E2-5C203F04BE1E}.Debug|Any CPU.ActiveCfg = Debug|Any CPU
		{D99533C1-D756-4476-90E2-5C203F04BE1E}.Debug|Any CPU.Build.0 = Debug|Any CPU
		{D99533C1-D756-4476-90E2-5C203F04BE1E}.Release|Any CPU.ActiveCfg = Release|Any CPU
		{D99533C1-D756-4476-90E2-5C203F04BE1E}.Release|Any CPU.Build.0 = Release|Any CPU
		{4C58684C-C4CC-4164-B301-F20D2EDFEB9D}.Debug|Any CPU.ActiveCfg = Debug|Any CPU
		{4C58684C-C4CC-4164-B301-F20D2EDFEB9D}.Debug|Any CPU.Build.0 = Debug|Any CPU
		{4C58684C-C4CC-4164-B301-F20D2EDFEB9D}.Release|Any CPU.ActiveCfg = Release|Any CPU
		{4C58684C-C4CC-4164-B301-F20D2EDFEB9D}.Release|Any CPU.Build.0 = Release|Any CPU
		{DAA2107B-F561-4420-8F03-5D08AF3DF65A}.Debug|Any CPU.ActiveCfg = Debug|Any CPU
		{DAA2107B-F561-4420-8F03-5D08AF3DF65A}.Debug|Any CPU.Build.0 = Debug|Any CPU
		{DAA2107B-F561-4420-8F03-5D08AF3DF65A}.Release|Any CPU.ActiveCfg = Release|Any CPU
		{DAA2107B-F561-4420-8F03-5D08AF3DF65A}.Release|Any CPU.Build.0 = Release|Any CPU
		{5EE184ED-5910-4AE7-97B6-B4D530F2084E}.Debug|Any CPU.ActiveCfg = Debug|Any CPU
		{5EE184ED-5910-4AE7-97B6-B4D530F2084E}.Debug|Any CPU.Build.0 = Debug|Any CPU
		{5EE184ED-5910-4AE7-97B6-B4D530F2084E}.Release|Any CPU.ActiveCfg = Release|Any CPU
		{5EE184ED-5910-4AE7-97B6-B4D530F2084E}.Release|Any CPU.Build.0 = Release|Any CPU
		{EDD69CDE-7644-4B56-AB35-59A913006EE7}.Debug|Any CPU.ActiveCfg = Debug|Any CPU
		{EDD69CDE-7644-4B56-AB35-59A913006EE7}.Debug|Any CPU.Build.0 = Debug|Any CPU
		{EDD69CDE-7644-4B56-AB35-59A913006EE7}.Release|Any CPU.ActiveCfg = Release|Any CPU
		{EDD69CDE-7644-4B56-AB35-59A913006EE7}.Release|Any CPU.Build.0 = Release|Any CPU
		{FB532BA1-743B-4CED-A941-85CE95BF02A8}.Debug|Any CPU.ActiveCfg = Debug|Any CPU
		{FB532BA1-743B-4CED-A941-85CE95BF02A8}.Debug|Any CPU.Build.0 = Debug|Any CPU
		{FB532BA1-743B-4CED-A941-85CE95BF02A8}.Release|Any CPU.ActiveCfg = Release|Any CPU
		{FB532BA1-743B-4CED-A941-85CE95BF02A8}.Release|Any CPU.Build.0 = Release|Any CPU
		{FFCB1897-07CC-4F90-BF83-4BB4A20B76D4}.Debug|Any CPU.ActiveCfg = Debug|Any CPU
		{FFCB1897-07CC-4F90-BF83-4BB4A20B76D4}.Debug|Any CPU.Build.0 = Debug|Any CPU
		{FFCB1897-07CC-4F90-BF83-4BB4A20B76D4}.Release|Any CPU.ActiveCfg = Release|Any CPU
		{FFCB1897-07CC-4F90-BF83-4BB4A20B76D4}.Release|Any CPU.Build.0 = Release|Any CPU
		{5ADC1F27-0504-4DE3-AA8E-2C0A6E72FC06}.Debug|Any CPU.ActiveCfg = Debug|Any CPU
		{5ADC1F27-0504-4DE3-AA8E-2C0A6E72FC06}.Debug|Any CPU.Build.0 = Debug|Any CPU
		{5ADC1F27-0504-4DE3-AA8E-2C0A6E72FC06}.Release|Any CPU.ActiveCfg = Release|Any CPU
		{5ADC1F27-0504-4DE3-AA8E-2C0A6E72FC06}.Release|Any CPU.Build.0 = Release|Any CPU
		{45CA1169-C610-48D6-B8D7-B8EA9E8BAADF}.Debug|Any CPU.ActiveCfg = Debug|Any CPU
		{45CA1169-C610-48D6-B8D7-B8EA9E8BAADF}.Debug|Any CPU.Build.0 = Debug|Any CPU
		{45CA1169-C610-48D6-B8D7-B8EA9E8BAADF}.Release|Any CPU.ActiveCfg = Release|Any CPU
		{45CA1169-C610-48D6-B8D7-B8EA9E8BAADF}.Release|Any CPU.Build.0 = Release|Any CPU
		{F1556591-947A-4C17-9DD7-869431695FE5}.Debug|Any CPU.ActiveCfg = Debug|Any CPU
		{F1556591-947A-4C17-9DD7-869431695FE5}.Debug|Any CPU.Build.0 = Debug|Any CPU
		{F1556591-947A-4C17-9DD7-869431695FE5}.Release|Any CPU.ActiveCfg = Release|Any CPU
		{F1556591-947A-4C17-9DD7-869431695FE5}.Release|Any CPU.Build.0 = Release|Any CPU
	EndGlobalSection
	GlobalSection(SolutionProperties) = preSolution
		HideSolutionNode = FALSE
	EndGlobalSection
	GlobalSection(NestedProjects) = preSolution
		{8A7A910A-31A4-4440-AF82-A6904EA29708} = {36D591C7-65C7-A0D1-1CBC-10CDE441BDC8}
		{C1A4470A-09F0-44B7-8811-E7590EF05130} = {36D591C7-65C7-A0D1-1CBC-10CDE441BDC8}
		{7685A98C-84FA-4B0E-9918-CE685ED78F64} = {36D591C7-65C7-A0D1-1CBC-10CDE441BDC8}
		{FEB5F221-EB84-495C-81FF-8BCDA21EA990} = {21AF86A9-4756-4823-9ADC-0102BCEF2CF2}
		{B3EFB5B2-8580-4078-85F3-8078EDF8D99F} = {21AF86A9-4756-4823-9ADC-0102BCEF2CF2}
		{D99533C1-D756-4476-90E2-5C203F04BE1E} = {21AF86A9-4756-4823-9ADC-0102BCEF2CF2}
		{4C58684C-C4CC-4164-B301-F20D2EDFEB9D} = {BE4E8116-AD32-4C8C-8223-0CB519C1D800}
		{DAA2107B-F561-4420-8F03-5D08AF3DF65A} = {BE4E8116-AD32-4C8C-8223-0CB519C1D800}
		{5EE184ED-5910-4AE7-97B6-B4D530F2084E} = {BE4E8116-AD32-4C8C-8223-0CB519C1D800}
		{EDD69CDE-7644-4B56-AB35-59A913006EE7} = {5C5755C0-20C0-4675-B467-E51E4BFE81BB}
		{FB532BA1-743B-4CED-A941-85CE95BF02A8} = {5C5755C0-20C0-4675-B467-E51E4BFE81BB}
		{FFCB1897-07CC-4F90-BF83-4BB4A20B76D4} = {5C5755C0-20C0-4675-B467-E51E4BFE81BB}
		{5ADC1F27-0504-4DE3-AA8E-2C0A6E72FC06} = {D345332B-7F5A-47F4-9487-0CD28C7EC00F}
		{45CA1169-C610-48D6-B8D7-B8EA9E8BAADF} = {D345332B-7F5A-47F4-9487-0CD28C7EC00F}
		{F1556591-947A-4C17-9DD7-869431695FE5} = {D345332B-7F5A-47F4-9487-0CD28C7EC00F}
	EndGlobalSection
	GlobalSection(ExtensibilityGlobals) = postSolution
		SolutionGuid = {900A35D2-242C-4FF2-A9EC-AB38FAB5AD6F}
	EndGlobalSection
EndGlobal
